// !$*UTF8*$!
{
	archiveVersion = 1;
	classes = {
	};
	objectVersion = 55;
	objects = {

/* Begin PBXBuildFile section */
		978C1596281C220E00AFC1D4 /* AppDelegate.swift in Sources */ = {isa = PBXBuildFile; fileRef = 978C1595281C220E00AFC1D4 /* AppDelegate.swift */; };
		978C1598281C220E00AFC1D4 /* SceneDelegate.swift in Sources */ = {isa = PBXBuildFile; fileRef = 978C1597281C220E00AFC1D4 /* SceneDelegate.swift */; };
		978C159A281C220E00AFC1D4 /* ViewController.swift in Sources */ = {isa = PBXBuildFile; fileRef = 978C1599281C220E00AFC1D4 /* ViewController.swift */; };
		978C159D281C220E00AFC1D4 /* Main.storyboard in Resources */ = {isa = PBXBuildFile; fileRef = 978C159B281C220E00AFC1D4 /* Main.storyboard */; };
		978C15A0281C220E00AFC1D4 /* Final_Project.xcdatamodeld in Sources */ = {isa = PBXBuildFile; fileRef = 978C159E281C220E00AFC1D4 /* Final_Project.xcdatamodeld */; };
		978C15A2281C221100AFC1D4 /* Assets.xcassets in Resources */ = {isa = PBXBuildFile; fileRef = 978C15A1281C221100AFC1D4 /* Assets.xcassets */; };
		978C15A5281C221100AFC1D4 /* LaunchScreen.storyboard in Resources */ = {isa = PBXBuildFile; fileRef = 978C15A3281C221100AFC1D4 /* LaunchScreen.storyboard */; };
		978C15B0281C221100AFC1D4 /* Final_ProjectTests.swift in Sources */ = {isa = PBXBuildFile; fileRef = 978C15AF281C221100AFC1D4 /* Final_ProjectTests.swift */; };
		978C15BA281C221100AFC1D4 /* Final_ProjectUITests.swift in Sources */ = {isa = PBXBuildFile; fileRef = 978C15B9281C221100AFC1D4 /* Final_ProjectUITests.swift */; };
		978C15BC281C221100AFC1D4 /* Final_ProjectUITestsLaunchTests.swift in Sources */ = {isa = PBXBuildFile; fileRef = 978C15BB281C221100AFC1D4 /* Final_ProjectUITestsLaunchTests.swift */; };
		97CB03D6281DF6C100489557 /* Location.swift in Sources */ = {isa = PBXBuildFile; fileRef = 97CB03D5281DF6C100489557 /* Location.swift */; };
		97D4C072281EFC2D002C5741 /* WeatherService.swift in Sources */ = {isa = PBXBuildFile; fileRef = 97D4C071281EFC2D002C5741 /* WeatherService.swift */; };
		97DA1583281DC17D002E775A /* MainWeatherTableViewCell.swift in Sources */ = {isa = PBXBuildFile; fileRef = 97DA1581281DC17D002E775A /* MainWeatherTableViewCell.swift */; };
		97DA1584281DC17D002E775A /* MainWeatherTableViewCell.xib in Resources */ = {isa = PBXBuildFile; fileRef = 97DA1582281DC17D002E775A /* MainWeatherTableViewCell.xib */; };
/* End PBXBuildFile section */

/* Begin PBXContainerItemProxy section */
		978C15AC281C221100AFC1D4 /* PBXContainerItemProxy */ = {
			isa = PBXContainerItemProxy;
			containerPortal = 978C158A281C220E00AFC1D4 /* Project object */;
			proxyType = 1;
			remoteGlobalIDString = 978C1591281C220E00AFC1D4;
			remoteInfo = "Final Project";
		};
		978C15B6281C221100AFC1D4 /* PBXContainerItemProxy */ = {
			isa = PBXContainerItemProxy;
			containerPortal = 978C158A281C220E00AFC1D4 /* Project object */;
			proxyType = 1;
			remoteGlobalIDString = 978C1591281C220E00AFC1D4;
			remoteInfo = "Final Project";
		};
/* End PBXContainerItemProxy section */

/* Begin PBXFileReference section */
		978C1592281C220E00AFC1D4 /* Final Project.app */ = {isa = PBXFileReference; explicitFileType = wrapper.application; includeInIndex = 0; path = "Final Project.app"; sourceTree = BUILT_PRODUCTS_DIR; };
		978C1595281C220E00AFC1D4 /* AppDelegate.swift */ = {isa = PBXFileReference; lastKnownFileType = sourcecode.swift; path = AppDelegate.swift; sourceTree = "<group>"; };
		978C1597281C220E00AFC1D4 /* SceneDelegate.swift */ = {isa = PBXFileReference; lastKnownFileType = sourcecode.swift; path = SceneDelegate.swift; sourceTree = "<group>"; };
		978C1599281C220E00AFC1D4 /* ViewController.swift */ = {isa = PBXFileReference; lastKnownFileType = sourcecode.swift; path = ViewController.swift; sourceTree = "<group>"; };
		978C159C281C220E00AFC1D4 /* Base */ = {isa = PBXFileReference; lastKnownFileType = file.storyboard; name = Base; path = Base.lproj/Main.storyboard; sourceTree = "<group>"; };
		978C159F281C220E00AFC1D4 /* Final_Project.xcdatamodel */ = {isa = PBXFileReference; lastKnownFileType = wrapper.xcdatamodel; path = Final_Project.xcdatamodel; sourceTree = "<group>"; };
		978C15A1281C221100AFC1D4 /* Assets.xcassets */ = {isa = PBXFileReference; lastKnownFileType = folder.assetcatalog; path = Assets.xcassets; sourceTree = "<group>"; };
		978C15A4281C221100AFC1D4 /* Base */ = {isa = PBXFileReference; lastKnownFileType = file.storyboard; name = Base; path = Base.lproj/LaunchScreen.storyboard; sourceTree = "<group>"; };
		978C15A6281C221100AFC1D4 /* Info.plist */ = {isa = PBXFileReference; lastKnownFileType = text.plist.xml; path = Info.plist; sourceTree = "<group>"; };
		978C15AB281C221100AFC1D4 /* Final ProjectTests.xctest */ = {isa = PBXFileReference; explicitFileType = wrapper.cfbundle; includeInIndex = 0; path = "Final ProjectTests.xctest"; sourceTree = BUILT_PRODUCTS_DIR; };
		978C15AF281C221100AFC1D4 /* Final_ProjectTests.swift */ = {isa = PBXFileReference; lastKnownFileType = sourcecode.swift; path = Final_ProjectTests.swift; sourceTree = "<group>"; };
		978C15B5281C221100AFC1D4 /* Final ProjectUITests.xctest */ = {isa = PBXFileReference; explicitFileType = wrapper.cfbundle; includeInIndex = 0; path = "Final ProjectUITests.xctest"; sourceTree = BUILT_PRODUCTS_DIR; };
		978C15B9281C221100AFC1D4 /* Final_ProjectUITests.swift */ = {isa = PBXFileReference; lastKnownFileType = sourcecode.swift; path = Final_ProjectUITests.swift; sourceTree = "<group>"; };
		978C15BB281C221100AFC1D4 /* Final_ProjectUITestsLaunchTests.swift */ = {isa = PBXFileReference; lastKnownFileType = sourcecode.swift; path = Final_ProjectUITestsLaunchTests.swift; sourceTree = "<group>"; };
		97CB03D5281DF6C100489557 /* Location.swift */ = {isa = PBXFileReference; lastKnownFileType = sourcecode.swift; path = Location.swift; sourceTree = "<group>"; };
		97D4C071281EFC2D002C5741 /* WeatherService.swift */ = {isa = PBXFileReference; lastKnownFileType = sourcecode.swift; path = WeatherService.swift; sourceTree = "<group>"; };
		97DA1581281DC17D002E775A /* MainWeatherTableViewCell.swift */ = {isa = PBXFileReference; lastKnownFileType = sourcecode.swift; path = MainWeatherTableViewCell.swift; sourceTree = "<group>"; };
		97DA1582281DC17D002E775A /* MainWeatherTableViewCell.xib */ = {isa = PBXFileReference; lastKnownFileType = file.xib; path = MainWeatherTableViewCell.xib; sourceTree = "<group>"; };
/* End PBXFileReference section */

/* Begin PBXFrameworksBuildPhase section */
		978C158F281C220E00AFC1D4 /* Frameworks */ = {
			isa = PBXFrameworksBuildPhase;
			buildActionMask = 2147483647;
			files = (
			);
			runOnlyForDeploymentPostprocessing = 0;
		};
		978C15A8281C221100AFC1D4 /* Frameworks */ = {
			isa = PBXFrameworksBuildPhase;
			buildActionMask = 2147483647;
			files = (
			);
			runOnlyForDeploymentPostprocessing = 0;
		};
		978C15B2281C221100AFC1D4 /* Frameworks */ = {
			isa = PBXFrameworksBuildPhase;
			buildActionMask = 2147483647;
			files = (
			);
			runOnlyForDeploymentPostprocessing = 0;
		};
/* End PBXFrameworksBuildPhase section */

/* Begin PBXGroup section */
		978C1589281C220E00AFC1D4 = {
			isa = PBXGroup;
			children = (
				978C1594281C220E00AFC1D4 /* Final Project */,
				978C15AE281C221100AFC1D4 /* Final ProjectTests */,
				978C15B8281C221100AFC1D4 /* Final ProjectUITests */,
				978C1593281C220E00AFC1D4 /* Products */,
			);
			sourceTree = "<group>";
		};
		978C1593281C220E00AFC1D4 /* Products */ = {
			isa = PBXGroup;
			children = (
				978C1592281C220E00AFC1D4 /* Final Project.app */,
				978C15AB281C221100AFC1D4 /* Final ProjectTests.xctest */,
				978C15B5281C221100AFC1D4 /* Final ProjectUITests.xctest */,
			);
			name = Products;
			sourceTree = "<group>";
		};
		978C1594281C220E00AFC1D4 /* Final Project */ = {
			isa = PBXGroup;
			children = (
				978C1595281C220E00AFC1D4 /* AppDelegate.swift */,
				978C1597281C220E00AFC1D4 /* SceneDelegate.swift */,
				97DA1588281DC7D8002E775A /* Model */,
				97DA1587281DC790002E775A /* View */,
				978C15A1281C221100AFC1D4 /* Assets.xcassets */,
				978C15A3281C221100AFC1D4 /* LaunchScreen.storyboard */,
				978C15A6281C221100AFC1D4 /* Info.plist */,
				978C159E281C220E00AFC1D4 /* Final_Project.xcdatamodeld */,
			);
			path = "Final Project";
			sourceTree = "<group>";
		};
		978C15AE281C221100AFC1D4 /* Final ProjectTests */ = {
			isa = PBXGroup;
			children = (
				978C15AF281C221100AFC1D4 /* Final_ProjectTests.swift */,
			);
			path = "Final ProjectTests";
			sourceTree = "<group>";
		};
		978C15B8281C221100AFC1D4 /* Final ProjectUITests */ = {
			isa = PBXGroup;
			children = (
				978C15B9281C221100AFC1D4 /* Final_ProjectUITests.swift */,
				978C15BB281C221100AFC1D4 /* Final_ProjectUITestsLaunchTests.swift */,
			);
			path = "Final ProjectUITests";
			sourceTree = "<group>";
		};
		97DA1580281DC110002E775A /* WeatherCell */ = {
			isa = PBXGroup;
			children = (
				97DA1586281DC1D1002E775A /* MainWeatherTableViewCell */,
			);
			path = WeatherCell;
			sourceTree = "<group>";
		};
		97DA1586281DC1D1002E775A /* MainWeatherTableViewCell */ = {
			isa = PBXGroup;
			children = (
				97DA1581281DC17D002E775A /* MainWeatherTableViewCell.swift */,
				97DA1582281DC17D002E775A /* MainWeatherTableViewCell.xib */,
			);
			path = MainWeatherTableViewCell;
			sourceTree = "<group>";
		};
		97DA1587281DC790002E775A /* View */ = {
			isa = PBXGroup;
			children = (
				978C159B281C220E00AFC1D4 /* Main.storyboard */,
				978C1599281C220E00AFC1D4 /* ViewController.swift */,
				97DA1580281DC110002E775A /* WeatherCell */,
			);
			path = View;
			sourceTree = "<group>";
		};
		97DA1588281DC7D8002E775A /* Model */ = {
			isa = PBXGroup;
			children = (
				97CB03D5281DF6C100489557 /* Location.swift */,
				97D4C071281EFC2D002C5741 /* WeatherService.swift */,
			);
			path = Model;
			sourceTree = "<group>";
		};
/* End PBXGroup section */

/* Begin PBXNativeTarget section */
		978C1591281C220E00AFC1D4 /* Final Project */ = {
			isa = PBXNativeTarget;
			buildConfigurationList = 978C15BF281C221100AFC1D4 /* Build configuration list for PBXNativeTarget "Final Project" */;
			buildPhases = (
				978C158E281C220E00AFC1D4 /* Sources */,
				978C158F281C220E00AFC1D4 /* Frameworks */,
				978C1590281C220E00AFC1D4 /* Resources */,
			);
			buildRules = (
			);
			dependencies = (
			);
			name = "Final Project";
			productName = "Final Project";
			productReference = 978C1592281C220E00AFC1D4 /* Final Project.app */;
			productType = "com.apple.product-type.application";
		};
		978C15AA281C221100AFC1D4 /* Final ProjectTests */ = {
			isa = PBXNativeTarget;
			buildConfigurationList = 978C15C2281C221100AFC1D4 /* Build configuration list for PBXNativeTarget "Final ProjectTests" */;
			buildPhases = (
				978C15A7281C221100AFC1D4 /* Sources */,
				978C15A8281C221100AFC1D4 /* Frameworks */,
				978C15A9281C221100AFC1D4 /* Resources */,
			);
			buildRules = (
			);
			dependencies = (
				978C15AD281C221100AFC1D4 /* PBXTargetDependency */,
			);
			name = "Final ProjectTests";
			productName = "Final ProjectTests";
			productReference = 978C15AB281C221100AFC1D4 /* Final ProjectTests.xctest */;
			productType = "com.apple.product-type.bundle.unit-test";
		};
		978C15B4281C221100AFC1D4 /* Final ProjectUITests */ = {
			isa = PBXNativeTarget;
			buildConfigurationList = 978C15C5281C221100AFC1D4 /* Build configuration list for PBXNativeTarget "Final ProjectUITests" */;
			buildPhases = (
				978C15B1281C221100AFC1D4 /* Sources */,
				978C15B2281C221100AFC1D4 /* Frameworks */,
				978C15B3281C221100AFC1D4 /* Resources */,
			);
			buildRules = (
			);
			dependencies = (
				978C15B7281C221100AFC1D4 /* PBXTargetDependency */,
			);
			name = "Final ProjectUITests";
			productName = "Final ProjectUITests";
			productReference = 978C15B5281C221100AFC1D4 /* Final ProjectUITests.xctest */;
			productType = "com.apple.product-type.bundle.ui-testing";
		};
/* End PBXNativeTarget section */

/* Begin PBXProject section */
		978C158A281C220E00AFC1D4 /* Project object */ = {
			isa = PBXProject;
			attributes = {
				BuildIndependentTargetsInParallel = 1;
				LastSwiftUpdateCheck = 1330;
				LastUpgradeCheck = 1330;
				TargetAttributes = {
					978C1591281C220E00AFC1D4 = {
						CreatedOnToolsVersion = 13.3.1;
					};
					978C15AA281C221100AFC1D4 = {
						CreatedOnToolsVersion = 13.3.1;
						TestTargetID = 978C1591281C220E00AFC1D4;
					};
					978C15B4281C221100AFC1D4 = {
						CreatedOnToolsVersion = 13.3.1;
						TestTargetID = 978C1591281C220E00AFC1D4;
					};
				};
			};
			buildConfigurationList = 978C158D281C220E00AFC1D4 /* Build configuration list for PBXProject "Final Project" */;
			compatibilityVersion = "Xcode 13.0";
			developmentRegion = en;
			hasScannedForEncodings = 0;
			knownRegions = (
				en,
				Base,
			);
			mainGroup = 978C1589281C220E00AFC1D4;
			productRefGroup = 978C1593281C220E00AFC1D4 /* Products */;
			projectDirPath = "";
			projectRoot = "";
			targets = (
				978C1591281C220E00AFC1D4 /* Final Project */,
				978C15AA281C221100AFC1D4 /* Final ProjectTests */,
				978C15B4281C221100AFC1D4 /* Final ProjectUITests */,
			);
		};
/* End PBXProject section */

/* Begin PBXResourcesBuildPhase section */
		978C1590281C220E00AFC1D4 /* Resources */ = {
			isa = PBXResourcesBuildPhase;
			buildActionMask = 2147483647;
			files = (
				978C15A5281C221100AFC1D4 /* LaunchScreen.storyboard in Resources */,
				97DA1584281DC17D002E775A /* MainWeatherTableViewCell.xib in Resources */,
				978C15A2281C221100AFC1D4 /* Assets.xcassets in Resources */,
				978C159D281C220E00AFC1D4 /* Main.storyboard in Resources */,
			);
			runOnlyForDeploymentPostprocessing = 0;
		};
		978C15A9281C221100AFC1D4 /* Resources */ = {
			isa = PBXResourcesBuildPhase;
			buildActionMask = 2147483647;
			files = (
			);
			runOnlyForDeploymentPostprocessing = 0;
		};
		978C15B3281C221100AFC1D4 /* Resources */ = {
			isa = PBXResourcesBuildPhase;
			buildActionMask = 2147483647;
			files = (
			);
			runOnlyForDeploymentPostprocessing = 0;
		};
/* End PBXResourcesBuildPhase section */

/* Begin PBXSourcesBuildPhase section */
		978C158E281C220E00AFC1D4 /* Sources */ = {
			isa = PBXSourcesBuildPhase;
			buildActionMask = 2147483647;
			files = (
				97DA1583281DC17D002E775A /* MainWeatherTableViewCell.swift in Sources */,
				978C159A281C220E00AFC1D4 /* ViewController.swift in Sources */,
				978C1596281C220E00AFC1D4 /* AppDelegate.swift in Sources */,
				978C15A0281C220E00AFC1D4 /* Final_Project.xcdatamodeld in Sources */,
				97CB03D6281DF6C100489557 /* Location.swift in Sources */,
				978C1598281C220E00AFC1D4 /* SceneDelegate.swift in Sources */,
				97D4C072281EFC2D002C5741 /* WeatherService.swift in Sources */,
			);
			runOnlyForDeploymentPostprocessing = 0;
		};
		978C15A7281C221100AFC1D4 /* Sources */ = {
			isa = PBXSourcesBuildPhase;
			buildActionMask = 2147483647;
			files = (
				978C15B0281C221100AFC1D4 /* Final_ProjectTests.swift in Sources */,
			);
			runOnlyForDeploymentPostprocessing = 0;
		};
		978C15B1281C221100AFC1D4 /* Sources */ = {
			isa = PBXSourcesBuildPhase;
			buildActionMask = 2147483647;
			files = (
				978C15BA281C221100AFC1D4 /* Final_ProjectUITests.swift in Sources */,
				978C15BC281C221100AFC1D4 /* Final_ProjectUITestsLaunchTests.swift in Sources */,
			);
			runOnlyForDeploymentPostprocessing = 0;
		};
/* End PBXSourcesBuildPhase section */

/* Begin PBXTargetDependency section */
		978C15AD281C221100AFC1D4 /* PBXTargetDependency */ = {
			isa = PBXTargetDependency;
			target = 978C1591281C220E00AFC1D4 /* Final Project */;
			targetProxy = 978C15AC281C221100AFC1D4 /* PBXContainerItemProxy */;
		};
		978C15B7281C221100AFC1D4 /* PBXTargetDependency */ = {
			isa = PBXTargetDependency;
			target = 978C1591281C220E00AFC1D4 /* Final Project */;
			targetProxy = 978C15B6281C221100AFC1D4 /* PBXContainerItemProxy */;
		};
/* End PBXTargetDependency section */

/* Begin PBXVariantGroup section */
		978C159B281C220E00AFC1D4 /* Main.storyboard */ = {
			isa = PBXVariantGroup;
			children = (
				978C159C281C220E00AFC1D4 /* Base */,
			);
			name = Main.storyboard;
			sourceTree = "<group>";
		};
		978C15A3281C221100AFC1D4 /* LaunchScreen.storyboard */ = {
			isa = PBXVariantGroup;
			children = (
				978C15A4281C221100AFC1D4 /* Base */,
			);
			name = LaunchScreen.storyboard;
			sourceTree = "<group>";
		};
/* End PBXVariantGroup section */

/* Begin XCBuildConfiguration section */
		978C15BD281C221100AFC1D4 /* Debug */ = {
			isa = XCBuildConfiguration;
			buildSettings = {
				ALWAYS_SEARCH_USER_PATHS = NO;
				CLANG_ANALYZER_NONNULL = YES;
				CLANG_ANALYZER_NUMBER_OBJECT_CONVERSION = YES_AGGRESSIVE;
				CLANG_CXX_LANGUAGE_STANDARD = "gnu++17";
				CLANG_ENABLE_MODULES = YES;
				CLANG_ENABLE_OBJC_ARC = YES;
				CLANG_ENABLE_OBJC_WEAK = YES;
				CLANG_WARN_BLOCK_CAPTURE_AUTORELEASING = YES;
				CLANG_WARN_BOOL_CONVERSION = YES;
				CLANG_WARN_COMMA = YES;
				CLANG_WARN_CONSTANT_CONVERSION = YES;
				CLANG_WARN_DEPRECATED_OBJC_IMPLEMENTATIONS = YES;
				CLANG_WARN_DIRECT_OBJC_ISA_USAGE = YES_ERROR;
				CLANG_WARN_DOCUMENTATION_COMMENTS = YES;
				CLANG_WARN_EMPTY_BODY = YES;
				CLANG_WARN_ENUM_CONVERSION = YES;
				CLANG_WARN_INFINITE_RECURSION = YES;
				CLANG_WARN_INT_CONVERSION = YES;
				CLANG_WARN_NON_LITERAL_NULL_CONVERSION = YES;
				CLANG_WARN_OBJC_IMPLICIT_RETAIN_SELF = YES;
				CLANG_WARN_OBJC_LITERAL_CONVERSION = YES;
				CLANG_WARN_OBJC_ROOT_CLASS = YES_ERROR;
				CLANG_WARN_QUOTED_INCLUDE_IN_FRAMEWORK_HEADER = YES;
				CLANG_WARN_RANGE_LOOP_ANALYSIS = YES;
				CLANG_WARN_STRICT_PROTOTYPES = YES;
				CLANG_WARN_SUSPICIOUS_MOVE = YES;
				CLANG_WARN_UNGUARDED_AVAILABILITY = YES_AGGRESSIVE;
				CLANG_WARN_UNREACHABLE_CODE = YES;
				CLANG_WARN__DUPLICATE_METHOD_MATCH = YES;
				COPY_PHASE_STRIP = NO;
				DEBUG_INFORMATION_FORMAT = dwarf;
				ENABLE_STRICT_OBJC_MSGSEND = YES;
				ENABLE_TESTABILITY = YES;
				GCC_C_LANGUAGE_STANDARD = gnu11;
				GCC_DYNAMIC_NO_PIC = NO;
				GCC_NO_COMMON_BLOCKS = YES;
				GCC_OPTIMIZATION_LEVEL = 0;
				GCC_PREPROCESSOR_DEFINITIONS = (
					"DEBUG=1",
					"$(inherited)",
				);
				GCC_WARN_64_TO_32_BIT_CONVERSION = YES;
				GCC_WARN_ABOUT_RETURN_TYPE = YES_ERROR;
				GCC_WARN_UNDECLARED_SELECTOR = YES;
				GCC_WARN_UNINITIALIZED_AUTOS = YES_AGGRESSIVE;
				GCC_WARN_UNUSED_FUNCTION = YES;
				GCC_WARN_UNUSED_VARIABLE = YES;
				IPHONEOS_DEPLOYMENT_TARGET = 15.4;
				MTL_ENABLE_DEBUG_INFO = INCLUDE_SOURCE;
				MTL_FAST_MATH = YES;
				ONLY_ACTIVE_ARCH = YES;
				SDKROOT = iphoneos;
				SWIFT_ACTIVE_COMPILATION_CONDITIONS = DEBUG;
				SWIFT_OPTIMIZATION_LEVEL = "-Onone";
			};
			name = Debug;
		};
		978C15BE281C221100AFC1D4 /* Release */ = {
			isa = XCBuildConfiguration;
			buildSettings = {
				ALWAYS_SEARCH_USER_PATHS = NO;
				CLANG_ANALYZER_NONNULL = YES;
				CLANG_ANALYZER_NUMBER_OBJECT_CONVERSION = YES_AGGRESSIVE;
				CLANG_CXX_LANGUAGE_STANDARD = "gnu++17";
				CLANG_ENABLE_MODULES = YES;
				CLANG_ENABLE_OBJC_ARC = YES;
				CLANG_ENABLE_OBJC_WEAK = YES;
				CLANG_WARN_BLOCK_CAPTURE_AUTORELEASING = YES;
				CLANG_WARN_BOOL_CONVERSION = YES;
				CLANG_WARN_COMMA = YES;
				CLANG_WARN_CONSTANT_CONVERSION = YES;
				CLANG_WARN_DEPRECATED_OBJC_IMPLEMENTATIONS = YES;
				CLANG_WARN_DIRECT_OBJC_ISA_USAGE = YES_ERROR;
				CLANG_WARN_DOCUMENTATION_COMMENTS = YES;
				CLANG_WARN_EMPTY_BODY = YES;
				CLANG_WARN_ENUM_CONVERSION = YES;
				CLANG_WARN_INFINITE_RECURSION = YES;
				CLANG_WARN_INT_CONVERSION = YES;
				CLANG_WARN_NON_LITERAL_NULL_CONVERSION = YES;
				CLANG_WARN_OBJC_IMPLICIT_RETAIN_SELF = YES;
				CLANG_WARN_OBJC_LITERAL_CONVERSION = YES;
				CLANG_WARN_OBJC_ROOT_CLASS = YES_ERROR;
				CLANG_WARN_QUOTED_INCLUDE_IN_FRAMEWORK_HEADER = YES;
				CLANG_WARN_RANGE_LOOP_ANALYSIS = YES;
				CLANG_WARN_STRICT_PROTOTYPES = YES;
				CLANG_WARN_SUSPICIOUS_MOVE = YES;
				CLANG_WARN_UNGUARDED_AVAILABILITY = YES_AGGRESSIVE;
				CLANG_WARN_UNREACHABLE_CODE = YES;
				CLANG_WARN__DUPLICATE_METHOD_MATCH = YES;
				COPY_PHASE_STRIP = NO;
				DEBUG_INFORMATION_FORMAT = "dwarf-with-dsym";
				ENABLE_NS_ASSERTIONS = NO;
				ENABLE_STRICT_OBJC_MSGSEND = YES;
				GCC_C_LANGUAGE_STANDARD = gnu11;
				GCC_NO_COMMON_BLOCKS = YES;
				GCC_WARN_64_TO_32_BIT_CONVERSION = YES;
				GCC_WARN_ABOUT_RETURN_TYPE = YES_ERROR;
				GCC_WARN_UNDECLARED_SELECTOR = YES;
				GCC_WARN_UNINITIALIZED_AUTOS = YES_AGGRESSIVE;
				GCC_WARN_UNUSED_FUNCTION = YES;
				GCC_WARN_UNUSED_VARIABLE = YES;
				IPHONEOS_DEPLOYMENT_TARGET = 15.4;
				MTL_ENABLE_DEBUG_INFO = NO;
				MTL_FAST_MATH = YES;
				SDKROOT = iphoneos;
				SWIFT_COMPILATION_MODE = wholemodule;
				SWIFT_OPTIMIZATION_LEVEL = "-O";
				VALIDATE_PRODUCT = YES;
			};
			name = Release;
		};
		978C15C0281C221100AFC1D4 /* Debug */ = {
			isa = XCBuildConfiguration;
			buildSettings = {
				ASSETCATALOG_COMPILER_APPICON_NAME = AppIcon;
				ASSETCATALOG_COMPILER_GLOBAL_ACCENT_COLOR_NAME = AccentColor;
				CODE_SIGN_STYLE = Automatic;
				CURRENT_PROJECT_VERSION = 1;
				DEVELOPMENT_TEAM = P9WCSS3KFX;
				GENERATE_INFOPLIST_FILE = YES;
				INFOPLIST_FILE = "Final Project/Info.plist";
				INFOPLIST_KEY_UIApplicationSupportsIndirectInputEvents = YES;
				INFOPLIST_KEY_UILaunchStoryboardName = LaunchScreen;
				INFOPLIST_KEY_UIMainStoryboardFile = Main;
				INFOPLIST_KEY_UISupportedInterfaceOrientations_iPad = "UIInterfaceOrientationPortrait UIInterfaceOrientationPortraitUpsideDown UIInterfaceOrientationLandscapeLeft UIInterfaceOrientationLandscapeRight";
				INFOPLIST_KEY_UISupportedInterfaceOrientations_iPhone = "UIInterfaceOrientationPortrait UIInterfaceOrientationLandscapeLeft UIInterfaceOrientationLandscapeRight";
				LD_RUNPATH_SEARCH_PATHS = (
					"$(inherited)",
					"@executable_path/Frameworks",
				);
				MARKETING_VERSION = 1.0;
				PRODUCT_BUNDLE_IDENTIFIER = "com.applebitx.Final-Project";
				PRODUCT_NAME = "$(TARGET_NAME)";
				SWIFT_EMIT_LOC_STRINGS = YES;
				SWIFT_VERSION = 5.0;
				TARGETED_DEVICE_FAMILY = "1,2";
			};
			name = Debug;
		};
		978C15C1281C221100AFC1D4 /* Release */ = {
			isa = XCBuildConfiguration;
			buildSettings = {
				ASSETCATALOG_COMPILER_APPICON_NAME = AppIcon;
				ASSETCATALOG_COMPILER_GLOBAL_ACCENT_COLOR_NAME = AccentColor;
				CODE_SIGN_STYLE = Automatic;
				CURRENT_PROJECT_VERSION = 1;
				DEVELOPMENT_TEAM = P9WCSS3KFX;
				GENERATE_INFOPLIST_FILE = YES;
				INFOPLIST_FILE = "Final Project/Info.plist";
				INFOPLIST_KEY_UIApplicationSupportsIndirectInputEvents = YES;
				INFOPLIST_KEY_UILaunchStoryboardName = LaunchScreen;
				INFOPLIST_KEY_UIMainStoryboardFile = Main;
				INFOPLIST_KEY_UISupportedInterfaceOrientations_iPad = "UIInterfaceOrientationPortrait UIInterfaceOrientationPortraitUpsideDown UIInterfaceOrientationLandscapeLeft UIInterfaceOrientationLandscapeRight";
				INFOPLIST_KEY_UISupportedInterfaceOrientations_iPhone = "UIInterfaceOrientationPortrait UIInterfaceOrientationLandscapeLeft UIInterfaceOrientationLandscapeRight";
				LD_RUNPATH_SEARCH_PATHS = (
					"$(inherited)",
					"@executable_path/Frameworks",
				);
				MARKETING_VERSION = 1.0;
				PRODUCT_BUNDLE_IDENTIFIER = "com.applebitx.Final-Project";
				PRODUCT_NAME = "$(TARGET_NAME)";
				SWIFT_EMIT_LOC_STRINGS = YES;
				SWIFT_VERSION = 5.0;
				TARGETED_DEVICE_FAMILY = "1,2";
			};
			name = Release;
		};
		978C15C3281C221100AFC1D4 /* Debug */ = {
			isa = XCBuildConfiguration;
			buildSettings = {
				ALWAYS_EMBED_SWIFT_STANDARD_LIBRARIES = YES;
				BUNDLE_LOADER = "$(TEST_HOST)";
				CODE_SIGN_STYLE = Automatic;
				CURRENT_PROJECT_VERSION = 1;
				DEVELOPMENT_TEAM = P9WCSS3KFX;
				GENERATE_INFOPLIST_FILE = YES;
				IPHONEOS_DEPLOYMENT_TARGET = 15.4;
				MARKETING_VERSION = 1.0;
				PRODUCT_BUNDLE_IDENTIFIER = "com.applebitx.Final-ProjectTests";
				PRODUCT_NAME = "$(TARGET_NAME)";
				SWIFT_EMIT_LOC_STRINGS = NO;
				SWIFT_VERSION = 5.0;
				TARGETED_DEVICE_FAMILY = "1,2";
				TEST_HOST = "$(BUILT_PRODUCTS_DIR)/Final Project.app/Final Project";
			};
			name = Debug;
		};
		978C15C4281C221100AFC1D4 /* Release */ = {
			isa = XCBuildConfiguration;
			buildSettings = {
				ALWAYS_EMBED_SWIFT_STANDARD_LIBRARIES = YES;
				BUNDLE_LOADER = "$(TEST_HOST)";
				CODE_SIGN_STYLE = Automatic;
				CURRENT_PROJECT_VERSION = 1;
				DEVELOPMENT_TEAM = P9WCSS3KFX;
				GENERATE_INFOPLIST_FILE = YES;
				IPHONEOS_DEPLOYMENT_TARGET = 15.4;
				MARKETING_VERSION = 1.0;
				PRODUCT_BUNDLE_IDENTIFIER = "com.applebitx.Final-ProjectTests";
				PRODUCT_NAME = "$(TARGET_NAME)";
				SWIFT_EMIT_LOC_STRINGS = NO;
				SWIFT_VERSION = 5.0;
				TARGETED_DEVICE_FAMILY = "1,2";
				TEST_HOST = "$(BUILT_PRODUCTS_DIR)/Final Project.app/Final Project";
			};
			name = Release;
		};
		978C15C6281C221100AFC1D4 /* Debug */ = {
			isa = XCBuildConfiguration;
			buildSettings = {
				ALWAYS_EMBED_SWIFT_STANDARD_LIBRARIES = YES;
				CODE_SIGN_STYLE = Automatic;
				CURRENT_PROJECT_VERSION = 1;
				DEVELOPMENT_TEAM = P9WCSS3KFX;
				GENERATE_INFOPLIST_FILE = YES;
				MARKETING_VERSION = 1.0;
				PRODUCT_BUNDLE_IDENTIFIER = "com.applebitx.Final-ProjectUITests";
				PRODUCT_NAME = "$(TARGET_NAME)";
				SWIFT_EMIT_LOC_STRINGS = NO;
				SWIFT_VERSION = 5.0;
				TARGETED_DEVICE_FAMILY = "1,2";
				TEST_TARGET_NAME = "Final Project";
			};
			name = Debug;
		};
		978C15C7281C221100AFC1D4 /* Release */ = {
			isa = XCBuildConfiguration;
			buildSettings = {
				ALWAYS_EMBED_SWIFT_STANDARD_LIBRARIES = YES;
				CODE_SIGN_STYLE = Automatic;
				CURRENT_PROJECT_VERSION = 1;
				DEVELOPMENT_TEAM = P9WCSS3KFX;
				GENERATE_INFOPLIST_FILE = YES;
				MARKETING_VERSION = 1.0;
				PRODUCT_BUNDLE_IDENTIFIER = "com.applebitx.Final-ProjectUITests";
				PRODUCT_NAME = "$(TARGET_NAME)";
				SWIFT_EMIT_LOC_STRINGS = NO;
				SWIFT_VERSION = 5.0;
				TARGETED_DEVICE_FAMILY = "1,2";
				TEST_TARGET_NAME = "Final Project";
			};
			name = Release;
		};
/* End XCBuildConfiguration section */

/* Begin XCConfigurationList section */
		978C158D281C220E00AFC1D4 /* Build configuration list for PBXProject "Final Project" */ = {
			isa = XCConfigurationList;
			buildConfigurations = (
				978C15BD281C221100AFC1D4 /* Debug */,
				978C15BE281C221100AFC1D4 /* Release */,
			);
			defaultConfigurationIsVisible = 0;
			defaultConfigurationName = Release;
		};
		978C15BF281C221100AFC1D4 /* Build configuration list for PBXNativeTarget "Final Project" */ = {
			isa = XCConfigurationList;
			buildConfigurations = (
				978C15C0281C221100AFC1D4 /* Debug */,
				978C15C1281C221100AFC1D4 /* Release */,
			);
			defaultConfigurationIsVisible = 0;
			defaultConfigurationName = Release;
		};
		978C15C2281C221100AFC1D4 /* Build configuration list for PBXNativeTarget "Final ProjectTests" */ = {
			isa = XCConfigurationList;
			buildConfigurations = (
				978C15C3281C221100AFC1D4 /* Debug */,
				978C15C4281C221100AFC1D4 /* Release */,
			);
			defaultConfigurationIsVisible = 0;
			defaultConfigurationName = Release;
		};
		978C15C5281C221100AFC1D4 /* Build configuration list for PBXNativeTarget "Final ProjectUITests" */ = {
			isa = XCConfigurationList;
			buildConfigurations = (
				978C15C6281C221100AFC1D4 /* Debug */,
				978C15C7281C221100AFC1D4 /* Release */,
			);
			defaultConfigurationIsVisible = 0;
			defaultConfigurationName = Release;
		};
/* End XCConfigurationList section */

/* Begin XCVersionGroup section */
		978C159E281C220E00AFC1D4 /* Final_Project.xcdatamodeld */ = {
			isa = XCVersionGroup;
			children = (
				978C159F281C220E00AFC1D4 /* Final_Project.xcdatamodel */,
			);
			currentVersion = 978C159F281C220E00AFC1D4 /* Final_Project.xcdatamodel */;
			path = Final_Project.xcdatamodeld;
			sourceTree = "<group>";
			versionGroupType = wrapper.xcdatamodel;
		};
/* End XCVersionGroup section */
	};
	rootObject = 978C158A281C220E00AFC1D4 /* Project object */;
}
